
Microsoft Visual Studio Solution File, Format Version 12.00
# Visual Studio 15
Project("{FAE04EC0-301F-11D3-BF4B-00C04F79EFBC}") = "Assembly-CSharp", "Assembly-CSharp.csproj", "{8D07B899-3610-3636-1B88-21243D72F7CD}"
EndProject
Project("{FAE04EC0-301F-11D3-BF4B-00C04F79EFBC}") = "Assembly-CSharp-Editor", "Assembly-CSharp-Editor.csproj", "{A2B4DDB9-B501-37D1-F7F6-1C4AC3216AE8}"
EndProject
Global
	GlobalSection(SolutionConfigurationPlatforms) = preSolution
		Debug|Any CPU = Debug|Any CPU
		Release|Any CPU = Release|Any CPU
	EndGlobalSection
	GlobalSection(ProjectConfigurationPlatforms) = postSolution
		{8D07B899-3610-3636-1B88-21243D72F7CD}.Debug|Any CPU.ActiveCfg = Debug|Any CPU
		{8D07B899-3610-3636-1B88-21243D72F7CD}.Debug|Any CPU.Build.0 = Debug|Any CPU
		{8D07B899-3610-3636-1B88-21243D72F7CD}.Release|Any CPU.ActiveCfg = Release|Any CPU
		{8D07B899-3610-3636-1B88-21243D72F7CD}.Release|Any CPU.Build.0 = Release|Any CPU
		{A2B4DDB9-B501-37D1-F7F6-1C4AC3216AE8}.Debug|Any CPU.ActiveCfg = Debug|Any CPU
		{A2B4DDB9-B501-37D1-F7F6-1C4AC3216AE8}.Debug|Any CPU.Build.0 = Debug|Any CPU
		{A2B4DDB9-B501-37D1-F7F6-1C4AC3216AE8}.Release|Any CPU.ActiveCfg = Release|Any CPU
		{A2B4DDB9-B501-37D1-F7F6-1C4AC3216AE8}.Release|Any CPU.Build.0 = Release|Any CPU
	EndGlobalSection
	GlobalSection(SolutionProperties) = preSolution
		HideSolutionNode = FALSE
	EndGlobalSection
EndGlobal
